
Microsoft Visual Studio Solution File, Format Version 12.00
# Visual Studio Version 17
VisualStudioVersion = 17.14.36915.13 d17.14
MinimumVisualStudioVersion = 10.0.40219.1
Project("{FAE04EC0-301F-11D3-BF4B-00C04F79EFBC}") = "CbandAutoTest", "CbandAutoTest.csproj", "{054E7EF0-8C3C-408C-A94E-13C69A0809B3}"
EndProject
Global
	GlobalSection(SolutionConfigurationPlatforms) = preSolution
		Debug|Any CPU = Debug|Any CPU
		Release|Any CPU = Release|Any CPU
	EndGlobalSection
	GlobalSection(ProjectConfigurationPlatforms) = postSolution
		{054E7EF0-8C3C-408C-A94E-13C69A0809B3}.Debug|Any CPU.ActiveCfg = Debug|Any CPU
		{054E7EF0-8C3C-408C-A94E-13C69A0809B3}.Debug|Any CPU.Build.0 = Debug|Any CPU
		{054E7EF0-8C3C-408C-A94E-13C69A0809B3}.Release|Any CPU.ActiveCfg = Release|Any CPU
		{054E7EF0-8C3C-408C-A94E-13C69A0809B3}.Release|Any CPU.Build.0 = Release|Any CPU
	EndGlobalSection
	GlobalSection(SolutionProperties) = preSolution
		HideSolutionNode = FALSE
	EndGlobalSection
	GlobalSection(ExtensibilityGlobals) = postSolution
		SolutionGuid = {5A1766DF-A99D-43F9-85E2-3C5B1F7AD381}
	EndGlobalSection
EndGlobal
